
Microsoft Visual Studio Solution File, Format Version 12.00
# Visual Studio Version 16
VisualStudioVersion = 16.0.29709.97
MinimumVisualStudioVersion = 10.0.40219.1
Project("{FAE04EC0-301F-11D3-BF4B-00C04F79EFBC}") = "_RakjRendet", "_RakjRendet.csproj", "{F34CB3A0-D700-430D-9CB0-3EBFA4C97226}"
EndProject
Global
	GlobalSection(SolutionConfigurationPlatforms) = preSolution
		Debug|Any CPU = Debug|Any CPU
		Release|Any CPU = Release|Any CPU
	EndGlobalSection
	GlobalSection(ProjectConfigurationPlatforms) = postSolution
		{F34CB3A0-D700-430D-9CB0-3EBFA4C97226}.Debug|Any CPU.ActiveCfg = Debug|Any CPU
		{F34CB3A0-D700-430D-9CB0-3EBFA4C97226}.Debug|Any CPU.Build.0 = Debug|Any CPU
		{F34CB3A0-D700-430D-9CB0-3EBFA4C97226}.Release|Any CPU.ActiveCfg = Release|Any CPU
		{F34CB3A0-D700-430D-9CB0-3EBFA4C97226}.Release|Any CPU.Build.0 = Release|Any CPU
	EndGlobalSection
	GlobalSection(SolutionProperties) = preSolution
		HideSolutionNode = FALSE
	EndGlobalSection
	GlobalSection(ExtensibilityGlobals) = postSolution
		SolutionGuid = {AD5A94B0-0E3F-4766-A36A-6CAB0CB67E4B}
	EndGlobalSection
EndGlobal
